{
  "nodes": {
    "nixpkgs": {
      "locked": {
        "lastModified": 1622341515,
        "narHash": "sha256-lOZHRz/Rj7w41SyjEVetaoS8umzd7SRfEA+hj273iWA=",
        "owner": "NixOS",
        "repo": "nixpkgs",
        "rev": "8f014925190a6dcc532230e6354f7d9232a7c598",
        "type": "github"
      },
      "original": {
        "owner": "NixOS",
        "ref": "nixos-20.09",
        "repo": "nixpkgs",
        "type": "github"
      }
    },
    "root": {
      "inputs": {
        "nixpkgs": "nixpkgs"
      }
    }
  },
  "root": "root",
  "version": 7
}
